
Microsoft Visual Studio Solution File, Format Version 12.00
# Visual Studio Version 17
VisualStudioVersion = 17.10.35027.167
MinimumVisualStudioVersion = 10.0.40219.1
Project("{FAE04EC0-301F-11D3-BF4B-00C04F79EFBC}") = "task1.net", "task1.net\task1.net.csproj", "{9FC1105B-DF97-41C4-B58F-5EE682DDC50E}"
EndProject
Global
	GlobalSection(SolutionConfigurationPlatforms) = preSolution
		Debug|Any CPU = Debug|Any CPU
		Release|Any CPU = Release|Any CPU
	EndGlobalSection
	GlobalSection(ProjectConfigurationPlatforms) = postSolution
		{9FC1105B-DF97-41C4-B58F-5EE682DDC50E}.Debug|Any CPU.ActiveCfg = Debug|Any CPU
		{9FC1105B-DF97-41C4-B58F-5EE682DDC50E}.Debug|Any CPU.Build.0 = Debug|Any CPU
		{9FC1105B-DF97-41C4-B58F-5EE682DDC50E}.Release|Any CPU.ActiveCfg = Release|Any CPU
		{9FC1105B-DF97-41C4-B58F-5EE682DDC50E}.Release|Any CPU.Build.0 = Release|Any CPU
	EndGlobalSection
	GlobalSection(SolutionProperties) = preSolution
		HideSolutionNode = FALSE
	EndGlobalSection
	GlobalSection(ExtensibilityGlobals) = postSolution
		SolutionGuid = {55BDBBF5-470C-4391-90FA-45069001E0CE}
	EndGlobalSection
EndGlobal
